{
  "name": "jayson-demo",
  "version": "1.0.0",
  "lockfileVersion": 1,
  "requires": true,
  "dependencies": {
    "JSONStream": {
      "version": "1.3.4",
      "resolved": "http://registry.npm.taobao.org/JSONStream/download/JSONStream-1.3.4.tgz",
      "integrity": "sha1-YVuyrbDNNMj0xEe19lEvodjxai4=",
      "requires": {
        "jsonparse": "^1.2.0",
        "through": ">=2.2.7 <3"
      }
    },
    "commander": {
      "version": "2.17.1",
      "resolved": "http://registry.npm.taobao.org/commander/download/commander-2.17.1.tgz",
      "integrity": "sha1-vXerfebelCBc6sxy8XFtKfIKd78="
    },
    "es6-promise": {
      "version": "4.2.4",
      "resolved": "http://registry.npm.taobao.org/es6-promise/download/es6-promise-4.2.4.tgz",
      "integrity": "sha1-3EIhwrFlGHYL2MOaUtjzVvwA7Sk="
    },
    "es6-promisify": {
      "version": "5.0.0",
      "resolved": "http://registry.npm.taobao.org/es6-promisify/download/es6-promisify-5.0.0.tgz",
      "integrity": "sha1-UQnWLz5W6pZ8S2NQWu8IKRyKUgM=",
      "requires": {
        "es6-promise": "^4.0.3"
      }
    },
    "eyes": {
      "version": "0.1.8",
      "resolved": "http://registry.npm.taobao.org/eyes/download/eyes-0.1.8.tgz",
      "integrity": "sha1-Ys8SAjTGg3hdkCNIqADvPgzCC8A="
    },
    "jayson": {
      "version": "2.0.6",
      "resolved": "http://registry.npm.taobao.org/jayson/download/jayson-2.0.6.tgz",
      "integrity": "sha1-9a0/yUjQcilZs9zfTt5vw88kFWU=",
      "requires": {
        "JSONStream": "^1.3.1",
        "commander": "^2.12.2",
        "es6-promisify": "^5.0.0",
        "eyes": "^0.1.8",
        "json-stringify-safe": "^5.0.1",
        "lodash": "^4.17.4",
        "uuid": "^3.2.1"
      }
    },
    "json-stringify-safe": {
      "version": "5.0.1",
      "resolved": "http://registry.npm.taobao.org/json-stringify-safe/download/json-stringify-safe-5.0.1.tgz",
      "integrity": "sha1-Epai1Y/UXxmg9s4B1lcB4sc1tus="
    },
    "jsonparse": {
      "version": "1.3.1",
      "resolved": "http://registry.npm.taobao.org/jsonparse/download/jsonparse-1.3.1.tgz",
      "integrity": "sha1-P02uSpH6wxX3EGL4UhzCOfE2YoA="
    },
    "lodash": {
      "version": "4.17.10",
      "resolved": "http://registry.npm.taobao.org/lodash/download/lodash-4.17.10.tgz",
      "integrity": "sha1-G3eTz3JZ6jj7NmHU04syYK+K5Oc="
    },
    "through": {
      "version": "2.3.8",
      "resolved": "http://registry.npm.taobao.org/through/download/through-2.3.8.tgz",
      "integrity": "sha1-DdTJ/6q8NXlgsbckEV1+Doai4fU="
    },
    "uuid": {
      "version": "3.3.2",
      "resolved": "http://registry.npm.taobao.org/uuid/download/uuid-3.3.2.tgz",
      "integrity": "sha1-G0r0lV6zB3xQHCOHL8ZROBFYcTE="
    }
  }
}
